{
  "version": "0.0.0",
  "lockfileVersion": 1,
  "requires": true,
  "dependencies": {
    "@vue/devtools-api": {
      "version": "6.0.0-beta.12",
      "resolved": "https://registry.npmjs.org/@vue/devtools-api/-/devtools-api-6.0.0-beta.12.tgz",
      "integrity": "sha512-PtHmAxFmCyCElV7uTWMrXj+fefwn4lCfTtPo9fPw0SK8/7e3UaFl8IL7lnugJmNFfeKQyuTkSoGvTq1uDaRF6Q=="
    },
    "vuex": {
      "version": "4.0.1",
      "resolved": "https://registry.npmjs.org/vuex/-/vuex-4.0.1.tgz",
      "integrity": "sha512-MddakQTAnImDkK1YhEESowKSU5KcjqHH3L1ScPx1lj6NzDDX0FuRBZqJoME5O7/nvj9puudDf6xnWU2w/cqI7g==",
      "requires": {
        "@vue/devtools-api": "^6.0.0-beta.11"
      }
    }
  }
}
